// !$*UTF8*$!
{
	archiveVersion = 1;
	classes = {
	};
	objectVersion = 56;
	objects = {

/* Begin PBXBuildFile section */
		5D2F293729DF09D8008A669D /* DogSpottingApp.swift in Sources */ = {isa = PBXBuildFile; fileRef = 5D2F293629DF09D8008A669D /* DogSpottingApp.swift */; };
		5D2F293929DF09D8008A669D /* ContentView.swift in Sources */ = {isa = PBXBuildFile; fileRef = 5D2F293829DF09D8008A669D /* ContentView.swift */; };
		5D2F293B29DF09D9008A669D /* Assets.xcassets in Resources */ = {isa = PBXBuildFile; fileRef = 5D2F293A29DF09D9008A669D /* Assets.xcassets */; };
		5D2F293E29DF09D9008A669D /* Preview Assets.xcassets in Resources */ = {isa = PBXBuildFile; fileRef = 5D2F293D29DF09D9008A669D /* Preview Assets.xcassets */; };
		5D2F294529DF0A16008A669D /* NewSpotView.swift in Sources */ = {isa = PBXBuildFile; fileRef = 5D2F294429DF0A16008A669D /* NewSpotView.swift */; };
		5D2F294729DF15F4008A669D /* DogViewModel.swift in Sources */ = {isa = PBXBuildFile; fileRef = 5D2F294629DF15F4008A669D /* DogViewModel.swift */; };
		5D2F294929DF161C008A669D /* DogModel.swift in Sources */ = {isa = PBXBuildFile; fileRef = 5D2F294829DF161C008A669D /* DogModel.swift */; };
		5DFA45AC29E5DF8700816416 /* DogSize.swift in Sources */ = {isa = PBXBuildFile; fileRef = 5DFA45AB29E5DF8700816416 /* DogSize.swift */; };
		7478C72D29E6FF92006ED737 /* UIImage+Codable.swift in Sources */ = {isa = PBXBuildFile; fileRef = 7478C72C29E6FF92006ED737 /* UIImage+Codable.swift */; };
		7485F4DA29DF375500DD9419 /* DirectoryService.swift in Sources */ = {isa = PBXBuildFile; fileRef = 7485F4D929DF375500DD9419 /* DirectoryService.swift */; };
		74BA5F5A29E5A77300C28F2F /* ImagePicker.swift in Sources */ = {isa = PBXBuildFile; fileRef = 74BA5F5929E5A77300C28F2F /* ImagePicker.swift */; };
/* End PBXBuildFile section */

/* Begin PBXFileReference section */
		5D2F293329DF09D8008A669D /* DogSpotting.app */ = {isa = PBXFileReference; explicitFileType = wrapper.application; includeInIndex = 0; path = DogSpotting.app; sourceTree = BUILT_PRODUCTS_DIR; };
		5D2F293629DF09D8008A669D /* DogSpottingApp.swift */ = {isa = PBXFileReference; lastKnownFileType = sourcecode.swift; path = DogSpottingApp.swift; sourceTree = "<group>"; };
		5D2F293829DF09D8008A669D /* ContentView.swift */ = {isa = PBXFileReference; lastKnownFileType = sourcecode.swift; path = ContentView.swift; sourceTree = "<group>"; };
		5D2F293A29DF09D9008A669D /* Assets.xcassets */ = {isa = PBXFileReference; lastKnownFileType = folder.assetcatalog; path = Assets.xcassets; sourceTree = "<group>"; };
		5D2F293D29DF09D9008A669D /* Preview Assets.xcassets */ = {isa = PBXFileReference; lastKnownFileType = folder.assetcatalog; path = "Preview Assets.xcassets"; sourceTree = "<group>"; };
		5D2F294429DF0A16008A669D /* NewSpotView.swift */ = {isa = PBXFileReference; lastKnownFileType = sourcecode.swift; path = NewSpotView.swift; sourceTree = "<group>"; };
		5D2F294629DF15F4008A669D /* DogViewModel.swift */ = {isa = PBXFileReference; lastKnownFileType = sourcecode.swift; path = DogViewModel.swift; sourceTree = "<group>"; };
		5D2F294829DF161C008A669D /* DogModel.swift */ = {isa = PBXFileReference; lastKnownFileType = sourcecode.swift; path = DogModel.swift; sourceTree = "<group>"; };
		5DFA45AB29E5DF8700816416 /* DogSize.swift */ = {isa = PBXFileReference; lastKnownFileType = sourcecode.swift; path = DogSize.swift; sourceTree = "<group>"; };
		7478C72C29E6FF92006ED737 /* UIImage+Codable.swift */ = {isa = PBXFileReference; lastKnownFileType = sourcecode.swift; path = "UIImage+Codable.swift"; sourceTree = "<group>"; };
		7485F4D929DF375500DD9419 /* DirectoryService.swift */ = {isa = PBXFileReference; lastKnownFileType = sourcecode.swift; path = DirectoryService.swift; sourceTree = "<group>"; };
		74BA5F5929E5A77300C28F2F /* ImagePicker.swift */ = {isa = PBXFileReference; lastKnownFileType = sourcecode.swift; path = ImagePicker.swift; sourceTree = "<group>"; };
/* End PBXFileReference section */

/* Begin PBXFrameworksBuildPhase section */
		5D2F293029DF09D8008A669D /* Frameworks */ = {
			isa = PBXFrameworksBuildPhase;
			buildActionMask = 2147483647;
			files = (
			);
			runOnlyForDeploymentPostprocessing = 0;
		};
/* End PBXFrameworksBuildPhase section */

/* Begin PBXGroup section */
		5D2F292A29DF09D8008A669D = {
			isa = PBXGroup;
			children = (
				5D2F293529DF09D8008A669D /* DogSpotting */,
				5D2F293429DF09D8008A669D /* Products */,
			);
			sourceTree = "<group>";
		};
		5D2F293429DF09D8008A669D /* Products */ = {
			isa = PBXGroup;
			children = (
				5D2F293329DF09D8008A669D /* DogSpotting.app */,
			);
			name = Products;
			sourceTree = "<group>";
		};
		5D2F293529DF09D8008A669D /* DogSpotting */ = {
			isa = PBXGroup;
			children = (
				5D2F293629DF09D8008A669D /* DogSpottingApp.swift */,
				74BA5F5829E5A57700C28F2F /* Services */,
				5D2F294A29DF1620008A669D /* Model */,
				5D2F294C29DF162B008A669D /* View */,
				5D2F294B29DF1625008A669D /* ViewModel */,
				5D2F293A29DF09D9008A669D /* Assets.xcassets */,
				5D2F293C29DF09D9008A669D /* Preview Content */,
			);
			path = DogSpotting;
			sourceTree = "<group>";
		};
		5D2F293C29DF09D9008A669D /* Preview Content */ = {
			isa = PBXGroup;
			children = (
				5D2F293D29DF09D9008A669D /* Preview Assets.xcassets */,
			);
			path = "Preview Content";
			sourceTree = "<group>";
		};
		5D2F294A29DF1620008A669D /* Model */ = {
			isa = PBXGroup;
			children = (
				5D2F294829DF161C008A669D /* DogModel.swift */,
				5DFA45AB29E5DF8700816416 /* DogSize.swift */,
			);
			path = Model;
			sourceTree = "<group>";
		};
		5D2F294B29DF1625008A669D /* ViewModel */ = {
			isa = PBXGroup;
			children = (
				5D2F294629DF15F4008A669D /* DogViewModel.swift */,
			);
			path = ViewModel;
			sourceTree = "<group>";
		};
		5D2F294C29DF162B008A669D /* View */ = {
			isa = PBXGroup;
			children = (
				5D2F293829DF09D8008A669D /* ContentView.swift */,
				5D2F294429DF0A16008A669D /* NewSpotView.swift */,
				74BA5F5929E5A77300C28F2F /* ImagePicker.swift */,
			);
			path = View;
			sourceTree = "<group>";
		};
		74BA5F5829E5A57700C28F2F /* Services */ = {
			isa = PBXGroup;
			children = (
				7485F4D929DF375500DD9419 /* DirectoryService.swift */,
				7478C72C29E6FF92006ED737 /* UIImage+Codable.swift */,
			);
			path = Services;
			sourceTree = "<group>";
		};
/* End PBXGroup section */

/* Begin PBXNativeTarget section */
		5D2F293229DF09D8008A669D /* DogSpotting */ = {
			isa = PBXNativeTarget;
			buildConfigurationList = 5D2F294129DF09D9008A669D /* Build configuration list for PBXNativeTarget "DogSpotting" */;
			buildPhases = (
				5D2F292F29DF09D8008A669D /* Sources */,
				5D2F293029DF09D8008A669D /* Frameworks */,
				5D2F293129DF09D8008A669D /* Resources */,
			);
			buildRules = (
			);
			dependencies = (
			);
			name = DogSpotting;
			productName = DogSpotting;
			productReference = 5D2F293329DF09D8008A669D /* DogSpotting.app */;
			productType = "com.apple.product-type.application";
		};
/* End PBXNativeTarget section */

/* Begin PBXProject section */
		5D2F292B29DF09D8008A669D /* Project object */ = {
			isa = PBXProject;
			attributes = {
				BuildIndependentTargetsInParallel = 1;
				LastSwiftUpdateCheck = 1430;
				LastUpgradeCheck = 1430;
				TargetAttributes = {
					5D2F293229DF09D8008A669D = {
						CreatedOnToolsVersion = 14.3;
					};
				};
			};
			buildConfigurationList = 5D2F292E29DF09D8008A669D /* Build configuration list for PBXProject "DogSpotting" */;
			compatibilityVersion = "Xcode 14.0";
			developmentRegion = en;
			hasScannedForEncodings = 0;
			knownRegions = (
				en,
				Base,
			);
			mainGroup = 5D2F292A29DF09D8008A669D;
			productRefGroup = 5D2F293429DF09D8008A669D /* Products */;
			projectDirPath = "";
			projectRoot = "";
			targets = (
				5D2F293229DF09D8008A669D /* DogSpotting */,
			);
		};
/* End PBXProject section */

/* Begin PBXResourcesBuildPhase section */
		5D2F293129DF09D8008A669D /* Resources */ = {
			isa = PBXResourcesBuildPhase;
			buildActionMask = 2147483647;
			files = (
				5D2F293E29DF09D9008A669D /* Preview Assets.xcassets in Resources */,
				5D2F293B29DF09D9008A669D /* Assets.xcassets in Resources */,
			);
			runOnlyForDeploymentPostprocessing = 0;
		};
/* End PBXResourcesBuildPhase section */

/* Begin PBXSourcesBuildPhase section */
		5D2F292F29DF09D8008A669D /* Sources */ = {
			isa = PBXSourcesBuildPhase;
			buildActionMask = 2147483647;
			files = (
				7478C72D29E6FF92006ED737 /* UIImage+Codable.swift in Sources */,
				5D2F293929DF09D8008A669D /* ContentView.swift in Sources */,
				7485F4DA29DF375500DD9419 /* DirectoryService.swift in Sources */,
				5D2F294929DF161C008A669D /* DogModel.swift in Sources */,
				74BA5F5A29E5A77300C28F2F /* ImagePicker.swift in Sources */,
				5D2F293729DF09D8008A669D /* DogSpottingApp.swift in Sources */,
				5DFA45AC29E5DF8700816416 /* DogSize.swift in Sources */,
				5D2F294529DF0A16008A669D /* NewSpotView.swift in Sources */,
				5D2F294729DF15F4008A669D /* DogViewModel.swift in Sources */,
			);
			runOnlyForDeploymentPostprocessing = 0;
		};
/* End PBXSourcesBuildPhase section */

/* Begin XCBuildConfiguration section */
		5D2F293F29DF09D9008A669D /* Debug */ = {
			isa = XCBuildConfiguration;
			buildSettings = {
				ALWAYS_SEARCH_USER_PATHS = NO;
				CLANG_ANALYZER_NONNULL = YES;
				CLANG_ANALYZER_NUMBER_OBJECT_CONVERSION = YES_AGGRESSIVE;
				CLANG_CXX_LANGUAGE_STANDARD = "gnu++20";
				CLANG_ENABLE_MODULES = YES;
				CLANG_ENABLE_OBJC_ARC = YES;
				CLANG_ENABLE_OBJC_WEAK = YES;
				CLANG_WARN_BLOCK_CAPTURE_AUTORELEASING = YES;
				CLANG_WARN_BOOL_CONVERSION = YES;
				CLANG_WARN_COMMA = YES;
				CLANG_WARN_CONSTANT_CONVERSION = YES;
				CLANG_WARN_DEPRECATED_OBJC_IMPLEMENTATIONS = YES;
				CLANG_WARN_DIRECT_OBJC_ISA_USAGE = YES_ERROR;
				CLANG_WARN_DOCUMENTATION_COMMENTS = YES;
				CLANG_WARN_EMPTY_BODY = YES;
				CLANG_WARN_ENUM_CONVERSION = YES;
				CLANG_WARN_INFINITE_RECURSION = YES;
				CLANG_WARN_INT_CONVERSION = YES;
				CLANG_WARN_NON_LITERAL_NULL_CONVERSION = YES;
				CLANG_WARN_OBJC_IMPLICIT_RETAIN_SELF = YES;
				CLANG_WARN_OBJC_LITERAL_CONVERSION = YES;
				CLANG_WARN_OBJC_ROOT_CLASS = YES_ERROR;
				CLANG_WARN_QUOTED_INCLUDE_IN_FRAMEWORK_HEADER = YES;
				CLANG_WARN_RANGE_LOOP_ANALYSIS = YES;
				CLANG_WARN_STRICT_PROTOTYPES = YES;
				CLANG_WARN_SUSPICIOUS_MOVE = YES;
				CLANG_WARN_UNGUARDED_AVAILABILITY = YES_AGGRESSIVE;
				CLANG_WARN_UNREACHABLE_CODE = YES;
				CLANG_WARN__DUPLICATE_METHOD_MATCH = YES;
				COPY_PHASE_STRIP = NO;
				DEBUG_INFORMATION_FORMAT = dwarf;
				ENABLE_STRICT_OBJC_MSGSEND = YES;
				ENABLE_TESTABILITY = YES;
				GCC_C_LANGUAGE_STANDARD = gnu11;
				GCC_DYNAMIC_NO_PIC = NO;
				GCC_NO_COMMON_BLOCKS = YES;
				GCC_OPTIMIZATION_LEVEL = 0;
				GCC_PREPROCESSOR_DEFINITIONS = (
					"DEBUG=1",
					"$(inherited)",
				);
				GCC_WARN_64_TO_32_BIT_CONVERSION = YES;
				GCC_WARN_ABOUT_RETURN_TYPE = YES_ERROR;
				GCC_WARN_UNDECLARED_SELECTOR = YES;
				GCC_WARN_UNINITIALIZED_AUTOS = YES_AGGRESSIVE;
				GCC_WARN_UNUSED_FUNCTION = YES;
				GCC_WARN_UNUSED_VARIABLE = YES;
				IPHONEOS_DEPLOYMENT_TARGET = 16.4;
				MTL_ENABLE_DEBUG_INFO = INCLUDE_SOURCE;
				MTL_FAST_MATH = YES;
				ONLY_ACTIVE_ARCH = YES;
				SDKROOT = iphoneos;
				SWIFT_ACTIVE_COMPILATION_CONDITIONS = DEBUG;
				SWIFT_OPTIMIZATION_LEVEL = "-Onone";
			};
			name = Debug;
		};
		5D2F294029DF09D9008A669D /* Release */ = {
			isa = XCBuildConfiguration;
			buildSettings = {
				ALWAYS_SEARCH_USER_PATHS = NO;
				CLANG_ANALYZER_NONNULL = YES;
				CLANG_ANALYZER_NUMBER_OBJECT_CONVERSION = YES_AGGRESSIVE;
				CLANG_CXX_LANGUAGE_STANDARD = "gnu++20";
				CLANG_ENABLE_MODULES = YES;
				CLANG_ENABLE_OBJC_ARC = YES;
				CLANG_ENABLE_OBJC_WEAK = YES;
				CLANG_WARN_BLOCK_CAPTURE_AUTORELEASING = YES;
				CLANG_WARN_BOOL_CONVERSION = YES;
				CLANG_WARN_COMMA = YES;
				CLANG_WARN_CONSTANT_CONVERSION = YES;
				CLANG_WARN_DEPRECATED_OBJC_IMPLEMENTATIONS = YES;
				CLANG_WARN_DIRECT_OBJC_ISA_USAGE = YES_ERROR;
				CLANG_WARN_DOCUMENTATION_COMMENTS = YES;
				CLANG_WARN_EMPTY_BODY = YES;
				CLANG_WARN_ENUM_CONVERSION = YES;
				CLANG_WARN_INFINITE_RECURSION = YES;
				CLANG_WARN_INT_CONVERSION = YES;
				CLANG_WARN_NON_LITERAL_NULL_CONVERSION = YES;
				CLANG_WARN_OBJC_IMPLICIT_RETAIN_SELF = YES;
				CLANG_WARN_OBJC_LITERAL_CONVERSION = YES;
				CLANG_WARN_OBJC_ROOT_CLASS = YES_ERROR;
				CLANG_WARN_QUOTED_INCLUDE_IN_FRAMEWORK_HEADER = YES;
				CLANG_WARN_RANGE_LOOP_ANALYSIS = YES;
				CLANG_WARN_STRICT_PROTOTYPES = YES;
				CLANG_WARN_SUSPICIOUS_MOVE = YES;
				CLANG_WARN_UNGUARDED_AVAILABILITY = YES_AGGRESSIVE;
				CLANG_WARN_UNREACHABLE_CODE = YES;
				CLANG_WARN__DUPLICATE_METHOD_MATCH = YES;
				COPY_PHASE_STRIP = NO;
				DEBUG_INFORMATION_FORMAT = "dwarf-with-dsym";
				ENABLE_NS_ASSERTIONS = NO;
				ENABLE_STRICT_OBJC_MSGSEND = YES;
				GCC_C_LANGUAGE_STANDARD = gnu11;
				GCC_NO_COMMON_BLOCKS = YES;
				GCC_WARN_64_TO_32_BIT_CONVERSION = YES;
				GCC_WARN_ABOUT_RETURN_TYPE = YES_ERROR;
				GCC_WARN_UNDECLARED_SELECTOR = YES;
				GCC_WARN_UNINITIALIZED_AUTOS = YES_AGGRESSIVE;
				GCC_WARN_UNUSED_FUNCTION = YES;
				GCC_WARN_UNUSED_VARIABLE = YES;
				IPHONEOS_DEPLOYMENT_TARGET = 16.4;
				MTL_ENABLE_DEBUG_INFO = NO;
				MTL_FAST_MATH = YES;
				SDKROOT = iphoneos;
				SWIFT_COMPILATION_MODE = wholemodule;
				SWIFT_OPTIMIZATION_LEVEL = "-O";
				VALIDATE_PRODUCT = YES;
			};
			name = Release;
		};
		5D2F294229DF09D9008A669D /* Debug */ = {
			isa = XCBuildConfiguration;
			buildSettings = {
				ASSETCATALOG_COMPILER_APPICON_NAME = AppIcon;
				ASSETCATALOG_COMPILER_GLOBAL_ACCENT_COLOR_NAME = AccentColor;
				CODE_SIGN_STYLE = Automatic;
				CURRENT_PROJECT_VERSION = 1;
				DEVELOPMENT_ASSET_PATHS = "\"DogSpotting/Preview Content\"";
				DEVELOPMENT_TEAM = 3UR85MK9RT;
				ENABLE_PREVIEWS = YES;
				GENERATE_INFOPLIST_FILE = YES;
				INFOPLIST_KEY_UIApplicationSceneManifest_Generation = YES;
				INFOPLIST_KEY_UIApplicationSupportsIndirectInputEvents = YES;
				INFOPLIST_KEY_UILaunchScreen_Generation = YES;
				INFOPLIST_KEY_UISupportedInterfaceOrientations_iPad = "UIInterfaceOrientationPortrait UIInterfaceOrientationPortraitUpsideDown UIInterfaceOrientationLandscapeLeft UIInterfaceOrientationLandscapeRight";
				INFOPLIST_KEY_UISupportedInterfaceOrientations_iPhone = "UIInterfaceOrientationPortrait UIInterfaceOrientationLandscapeLeft UIInterfaceOrientationLandscapeRight";
				IPHONEOS_DEPLOYMENT_TARGET = 16.0;
				LD_RUNPATH_SEARCH_PATHS = (
					"$(inherited)",
					"@executable_path/Frameworks",
				);
				MARKETING_VERSION = 1.0;
				PRODUCT_BUNDLE_IDENTIFIER = com.zcutlerf.DogSpotting;
				PRODUCT_NAME = "$(TARGET_NAME)";
				SWIFT_EMIT_LOC_STRINGS = YES;
				SWIFT_VERSION = 5.0;
				TARGETED_DEVICE_FAMILY = "1,2";
			};
			name = Debug;
		};
		5D2F294329DF09D9008A669D /* Release */ = {
			isa = XCBuildConfiguration;
			buildSettings = {
				ASSETCATALOG_COMPILER_APPICON_NAME = AppIcon;
				ASSETCATALOG_COMPILER_GLOBAL_ACCENT_COLOR_NAME = AccentColor;
				CODE_SIGN_STYLE = Automatic;
				CURRENT_PROJECT_VERSION = 1;
				DEVELOPMENT_ASSET_PATHS = "\"DogSpotting/Preview Content\"";
				DEVELOPMENT_TEAM = 3UR85MK9RT;
				ENABLE_PREVIEWS = YES;
				GENERATE_INFOPLIST_FILE = YES;
				INFOPLIST_KEY_UIApplicationSceneManifest_Generation = YES;
				INFOPLIST_KEY_UIApplicationSupportsIndirectInputEvents = YES;
				INFOPLIST_KEY_UILaunchScreen_Generation = YES;
				INFOPLIST_KEY_UISupportedInterfaceOrientations_iPad = "UIInterfaceOrientationPortrait UIInterfaceOrientationPortraitUpsideDown UIInterfaceOrientationLandscapeLeft UIInterfaceOrientationLandscapeRight";
				INFOPLIST_KEY_UISupportedInterfaceOrientations_iPhone = "UIInterfaceOrientationPortrait UIInterfaceOrientationLandscapeLeft UIInterfaceOrientationLandscapeRight";
				IPHONEOS_DEPLOYMENT_TARGET = 16.0;
				LD_RUNPATH_SEARCH_PATHS = (
					"$(inherited)",
					"@executable_path/Frameworks",
				);
				MARKETING_VERSION = 1.0;
				PRODUCT_BUNDLE_IDENTIFIER = com.zcutlerf.DogSpotting;
				PRODUCT_NAME = "$(TARGET_NAME)";
				SWIFT_EMIT_LOC_STRINGS = YES;
				SWIFT_VERSION = 5.0;
				TARGETED_DEVICE_FAMILY = "1,2";
			};
			name = Release;
		};
/* End XCBuildConfiguration section */

/* Begin XCConfigurationList section */
		5D2F292E29DF09D8008A669D /* Build configuration list for PBXProject "DogSpotting" */ = {
			isa = XCConfigurationList;
			buildConfigurations = (
				5D2F293F29DF09D9008A669D /* Debug */,
				5D2F294029DF09D9008A669D /* Release */,
			);
			defaultConfigurationIsVisible = 0;
			defaultConfigurationName = Release;
		};
		5D2F294129DF09D9008A669D /* Build configuration list for PBXNativeTarget "DogSpotting" */ = {
			isa = XCConfigurationList;
			buildConfigurations = (
				5D2F294229DF09D9008A669D /* Debug */,
				5D2F294329DF09D9008A669D /* Release */,
			);
			defaultConfigurationIsVisible = 0;
			defaultConfigurationName = Release;
		};
/* End XCConfigurationList section */
	};
	rootObject = 5D2F292B29DF09D8008A669D /* Project object */;
}
